
Microsoft Visual Studio Solution File, Format Version 12.00
# Visual Studio Version 17
VisualStudioVersion = 17.5.002.0
MinimumVisualStudioVersion = 10.0.40219.1
Project("{2150E333-8FDC-42A3-9474-1A3956D46DE8}") = "apps", "apps", "{E67B3AE7-DEE2-450D-8B7E-C0C5B192549F}"
EndProject
Project("{9A19103F-16F7-4668-BE54-9A1E7A4F7556}") = "ToDoApp", "apps\api\ToDoApp.csproj", "{9A627C78-87EE-42FC-9326-27C0478280E8}"
EndProject
Global
	GlobalSection(SolutionConfigurationPlatforms) = preSolution
		Debug|Any CPU = Debug|Any CPU
		Release|Any CPU = Release|Any CPU
	EndGlobalSection
	GlobalSection(ProjectConfigurationPlatforms) = postSolution
		{9A627C78-87EE-42FC-9326-27C0478280E8}.Debug|Any CPU.ActiveCfg = Debug|Any CPU
		{9A627C78-87EE-42FC-9326-27C0478280E8}.Debug|Any CPU.Build.0 = Debug|Any CPU
		{9A627C78-87EE-42FC-9326-27C0478280E8}.Release|Any CPU.ActiveCfg = Release|Any CPU
		{9A627C78-87EE-42FC-9326-27C0478280E8}.Release|Any CPU.Build.0 = Release|Any CPU
	EndGlobalSection
	GlobalSection(SolutionProperties) = preSolution
		HideSolutionNode = FALSE
	EndGlobalSection
	GlobalSection(NestedProjects) = preSolution
		{9A627C78-87EE-42FC-9326-27C0478280E8} = {E67B3AE7-DEE2-450D-8B7E-C0C5B192549F}
	EndGlobalSection
	GlobalSection(ExtensibilityGlobals) = postSolution
		SolutionGuid = {616D9DE8-DB59-4A75-9BB0-3B3FA8C2C45A}
	EndGlobalSection
EndGlobal
